
Microsoft Visual Studio Solution File, Format Version 12.00
# Visual Studio Version 16
VisualStudioVersion = 16.0.31205.134
MinimumVisualStudioVersion = 10.0.40219.1
Project("{9A19103F-16F7-4668-BE54-9A1E7A4F7556}") = "SnowStorm.CodeAccelerator", "SnowStorm.CodeBuilder\SnowStorm.CodeAccelerator.csproj", "{5BC8A7C1-3499-412A-9B6F-015F6C4C61FB}"
EndProject
Global
	GlobalSection(SolutionConfigurationPlatforms) = preSolution
		Debug|Any CPU = Debug|Any CPU
		Release|Any CPU = Release|Any CPU
	EndGlobalSection
	GlobalSection(ProjectConfigurationPlatforms) = postSolution
		{5BC8A7C1-3499-412A-9B6F-015F6C4C61FB}.Debug|Any CPU.ActiveCfg = Debug|Any CPU
		{5BC8A7C1-3499-412A-9B6F-015F6C4C61FB}.Debug|Any CPU.Build.0 = Debug|Any CPU
		{5BC8A7C1-3499-412A-9B6F-015F6C4C61FB}.Release|Any CPU.ActiveCfg = Release|Any CPU
		{5BC8A7C1-3499-412A-9B6F-015F6C4C61FB}.Release|Any CPU.Build.0 = Release|Any CPU
	EndGlobalSection
	GlobalSection(SolutionProperties) = preSolution
		HideSolutionNode = FALSE
	EndGlobalSection
	GlobalSection(ExtensibilityGlobals) = postSolution
		SolutionGuid = {E982DA68-426F-4463-8CB7-2CA6BB9F4D81}
	EndGlobalSection
EndGlobal
